
Microsoft Visual Studio Solution File, Format Version 12.00
# Visual Studio Version 17
VisualStudioVersion = 17.10.35201.131
MinimumVisualStudioVersion = 10.0.40219.1
Project("{FAE04EC0-301F-11D3-BF4B-00C04F79EFBC}") = "Bai 27.8", "Bai 27.8.csproj", "{136341A5-3C3A-4D7D-A16D-96A78DCD2F03}"
EndProject
Global
	GlobalSection(SolutionConfigurationPlatforms) = preSolution
		Debug|Any CPU = Debug|Any CPU
		Release|Any CPU = Release|Any CPU
	EndGlobalSection
	GlobalSection(ProjectConfigurationPlatforms) = postSolution
		{136341A5-3C3A-4D7D-A16D-96A78DCD2F03}.Debug|Any CPU.ActiveCfg = Debug|Any CPU
		{136341A5-3C3A-4D7D-A16D-96A78DCD2F03}.Debug|Any CPU.Build.0 = Debug|Any CPU
		{136341A5-3C3A-4D7D-A16D-96A78DCD2F03}.Release|Any CPU.ActiveCfg = Release|Any CPU
		{136341A5-3C3A-4D7D-A16D-96A78DCD2F03}.Release|Any CPU.Build.0 = Release|Any CPU
	EndGlobalSection
	GlobalSection(SolutionProperties) = preSolution
		HideSolutionNode = FALSE
	EndGlobalSection
	GlobalSection(ExtensibilityGlobals) = postSolution
		SolutionGuid = {9EAA22A8-9284-4E01-BA43-7664A135D772}
	EndGlobalSection
EndGlobal
